schema: '2.0'
stages:
  -ingestion:
    cmd: python src/1.data_ingestion.py
    deps:
    - path: data/spam.csv
      hash: md5
      md5: f10885f3e274a202196a88cb8bb3e15e
      size: 499322
    - path: src/1.data_ingestion.py
      hash: md5
      md5: f16abd288e58380e6a99dafc6d906036
      size: 3188
    outs:
    - path: data/test.csv
      hash: md5
      md5: 08bd73216c48514fa191b7fa97a35ea1
      size: 96177
    - path: data/train.csv
      hash: md5
      md5: 5564d5694d7ccf0ab8d4432bf796573a
      size: 388667
  ingestion:
    cmd: python src/1.data_ingestion.py
    deps:
    - path: data/spam.csv
      hash: md5
      md5: f10885f3e274a202196a88cb8bb3e15e
      size: 499322
    - path: src/1.data_ingestion.py
      hash: md5
      md5: c0f8ec312183953926a75730dd913244
      size: 3855
    params:
      params.yaml:
        ingestion.test_size: 0.32
    outs:
    - path: data/test.csv
      hash: md5
      md5: 823795ee7b4a4ce748685c2cd797ad66
      size: 156951
    - path: data/train.csv
      hash: md5
      md5: 65d289a991ab21e93de742b7b76364af
      size: 327893
  preprocessing:
    cmd: python src/2.preprocessing.py
    deps:
    - path: data/test.csv
      hash: md5
      md5: 823795ee7b4a4ce748685c2cd797ad66
      size: 156951
    - path: data/train.csv
      hash: md5
      md5: 65d289a991ab21e93de742b7b76364af
      size: 327893
    - path: src/2.preprocessing.py
      hash: md5
      md5: 1bb55c98855f9a6f7e8717c5882f02e1
      size: 3223
    params:
      params.yaml:
        feature_engineering.max_features: 66
    outs:
    - path: data/test_preprocessed.csv
      hash: md5
      md5: 209c178d36075121bece2eac2a9692ce
      size: 99104
    - path: data/train_preprocessed.csv
      hash: md5
      md5: 82c4a385eca5f2231e54382d21c381ef
      size: 193863
  feature_engineering:
    cmd: python src/3.feature_engineering.py
    deps:
    - path: data/test_preprocessed.csv
      hash: md5
      md5: 209c178d36075121bece2eac2a9692ce
      size: 99104
    - path: data/train_preprocessed.csv
      hash: md5
      md5: 82c4a385eca5f2231e54382d21c381ef
      size: 193863
    - path: src/3.feature_engineering.py
      hash: md5
      md5: 05a6defad6c0e4e15341572c05384657
      size: 4456
    outs:
    - path: data/processed/test_tfidf.csv
      hash: md5
      md5: 9086fcf9ebbc1cd1df81f147c0ca9bc7
      size: 512084
    - path: data/processed/train_tfidf.csv
      hash: md5
      md5: 4c28487ccc47bb8508ea720ea8351c43
      size: 1037222
  model_training:
    cmd: python src/4.model_building.py
    deps:
    - path: data/processed/test_tfidf.csv
      hash: md5
      md5: 9086fcf9ebbc1cd1df81f147c0ca9bc7
      size: 512084
    - path: data/processed/train_tfidf.csv
      hash: md5
      md5: 4c28487ccc47bb8508ea720ea8351c43
      size: 1037222
    - path: src/4.model_building.py
      hash: md5
      md5: 445ec9471a16756065e1fbb694415980
      size: 3481
    params:
      params.yaml:
        model_training.n_estimators: 120
        model_training.random_state: 2
    outs:
    - path: models/clf_model.pkl
      hash: md5
      md5: da19f2c4c7a290b8bd6a2cab888d5712
      size: 4674530
  model_evaluation:
    cmd: python src/5.model_evaluation.py
    deps:
    - path: data/processed/test_tfidf.csv
      hash: md5
      md5: 9086fcf9ebbc1cd1df81f147c0ca9bc7
      size: 512084
    - path: models/clf_model.pkl
      hash: md5
      md5: da19f2c4c7a290b8bd6a2cab888d5712
      size: 4674530
    - path: src/5.model_evaluation.py
      hash: md5
      md5: f5ae868c7a086dd3c65c7f9918858d03
      size: 4073
    outs:
    - path: metrics/metrics.json
      hash: md5
      md5: 8e7dd1426e920304080884c88edba724
      size: 150
